
Microsoft Visual Studio Solution File, Format Version 12.00
# Visual Studio 15
VisualStudioVersion = 15.0.27703.2000
MinimumVisualStudioVersion = 10.0.40219.1
Project("{FAE04EC0-301F-11D3-BF4B-00C04F79EFBC}") = "WinzelBackend", "WinzelBackend\WinzelBackend.csproj", "{5D2CDAA8-CC6C-49EC-8BA4-5DF5AA852E09}"
EndProject
Project("{E53339B2-1760-4266-BCC7-CA923CBCF16C}") = "docker-compose", "docker-compose.dcproj", "{0CB6AE21-6738-4423-9C7F-6EA2803953F8}"
EndProject
Global
	GlobalSection(SolutionConfigurationPlatforms) = preSolution
		Debug|Any CPU = Debug|Any CPU
		Release|Any CPU = Release|Any CPU
	EndGlobalSection
	GlobalSection(ProjectConfigurationPlatforms) = postSolution
		{5D2CDAA8-CC6C-49EC-8BA4-5DF5AA852E09}.Debug|Any CPU.ActiveCfg = Debug|Any CPU
		{5D2CDAA8-CC6C-49EC-8BA4-5DF5AA852E09}.Debug|Any CPU.Build.0 = Debug|Any CPU
		{5D2CDAA8-CC6C-49EC-8BA4-5DF5AA852E09}.Release|Any CPU.ActiveCfg = Release|Any CPU
		{5D2CDAA8-CC6C-49EC-8BA4-5DF5AA852E09}.Release|Any CPU.Build.0 = Release|Any CPU
		{0CB6AE21-6738-4423-9C7F-6EA2803953F8}.Debug|Any CPU.ActiveCfg = Debug|Any CPU
		{0CB6AE21-6738-4423-9C7F-6EA2803953F8}.Debug|Any CPU.Build.0 = Debug|Any CPU
		{0CB6AE21-6738-4423-9C7F-6EA2803953F8}.Release|Any CPU.ActiveCfg = Release|Any CPU
		{0CB6AE21-6738-4423-9C7F-6EA2803953F8}.Release|Any CPU.Build.0 = Release|Any CPU
	EndGlobalSection
	GlobalSection(SolutionProperties) = preSolution
		HideSolutionNode = FALSE
	EndGlobalSection
	GlobalSection(ExtensibilityGlobals) = postSolution
		SolutionGuid = {DD8ACBF3-F7B0-4B42-A7C4-675BA6CA5193}
	EndGlobalSection
EndGlobal
